
Microsoft Visual Studio Solution File, Format Version 12.00
# Visual Studio 14
VisualStudioVersion = 14.0.24720.0
MinimumVisualStudioVersion = 10.0.40219.1
Project("{FAE04EC0-301F-11D3-BF4B-00C04F79EFBC}") = "Client", "ClassLibrary1\Client.csproj", "{AAA2F936-D11C-4BAE-8BEE-B552E862936C}"
EndProject
Project("{FAE04EC0-301F-11D3-BF4B-00C04F79EFBC}") = "ApiTest", "ApiTest\ApiTest.csproj", "{729C54B7-9C68-4AB6-BC31-E1FB45E13052}"
EndProject
Project("{FAE04EC0-301F-11D3-BF4B-00C04F79EFBC}") = "Example", "Example\Example.csproj", "{2E762CCB-5891-4DC6-8D2C-D5FA2C364DD0}"
EndProject
Global
	GlobalSection(SolutionConfigurationPlatforms) = preSolution
		Debug|Any CPU = Debug|Any CPU
		Release|Any CPU = Release|Any CPU
	EndGlobalSection
	GlobalSection(ProjectConfigurationPlatforms) = postSolution
		{AAA2F936-D11C-4BAE-8BEE-B552E862936C}.Debug|Any CPU.ActiveCfg = Debug|Any CPU
		{AAA2F936-D11C-4BAE-8BEE-B552E862936C}.Debug|Any CPU.Build.0 = Debug|Any CPU
		{AAA2F936-D11C-4BAE-8BEE-B552E862936C}.Release|Any CPU.ActiveCfg = Release|Any CPU
		{AAA2F936-D11C-4BAE-8BEE-B552E862936C}.Release|Any CPU.Build.0 = Release|Any CPU
		{729C54B7-9C68-4AB6-BC31-E1FB45E13052}.Debug|Any CPU.ActiveCfg = Debug|Any CPU
		{729C54B7-9C68-4AB6-BC31-E1FB45E13052}.Debug|Any CPU.Build.0 = Debug|Any CPU
		{729C54B7-9C68-4AB6-BC31-E1FB45E13052}.Release|Any CPU.ActiveCfg = Release|Any CPU
		{729C54B7-9C68-4AB6-BC31-E1FB45E13052}.Release|Any CPU.Build.0 = Release|Any CPU
		{2E762CCB-5891-4DC6-8D2C-D5FA2C364DD0}.Debug|Any CPU.ActiveCfg = Debug|Any CPU
		{2E762CCB-5891-4DC6-8D2C-D5FA2C364DD0}.Debug|Any CPU.Build.0 = Debug|Any CPU
		{2E762CCB-5891-4DC6-8D2C-D5FA2C364DD0}.Release|Any CPU.ActiveCfg = Release|Any CPU
		{2E762CCB-5891-4DC6-8D2C-D5FA2C364DD0}.Release|Any CPU.Build.0 = Release|Any CPU
	EndGlobalSection
	GlobalSection(SolutionProperties) = preSolution
		HideSolutionNode = FALSE
	EndGlobalSection
EndGlobal
